
Microsoft Visual Studio Solution File, Format Version 12.00
# Visual Studio 15
VisualStudioVersion = 15.0.28307.329
MinimumVisualStudioVersion = 10.0.40219.1
Project("{FAE04EC0-301F-11D3-BF4B-00C04F79EFBC}") = "Microsoft.Architecture.Catalog.Api", "Microsoft.Architecture.Catalog.Api\Microsoft.Architecture.Catalog.Api.csproj", "{66665546-4C81-4657-A21A-145A1AB5A41D}"
EndProject
Global
	GlobalSection(SolutionConfigurationPlatforms) = preSolution
		Debug|Any CPU = Debug|Any CPU
		Release|Any CPU = Release|Any CPU
	EndGlobalSection
	GlobalSection(ProjectConfigurationPlatforms) = postSolution
		{66665546-4C81-4657-A21A-145A1AB5A41D}.Debug|Any CPU.ActiveCfg = Debug|Any CPU
		{66665546-4C81-4657-A21A-145A1AB5A41D}.Debug|Any CPU.Build.0 = Debug|Any CPU
		{66665546-4C81-4657-A21A-145A1AB5A41D}.Release|Any CPU.ActiveCfg = Release|Any CPU
		{66665546-4C81-4657-A21A-145A1AB5A41D}.Release|Any CPU.Build.0 = Release|Any CPU
	EndGlobalSection
	GlobalSection(SolutionProperties) = preSolution
		HideSolutionNode = FALSE
	EndGlobalSection
	GlobalSection(ExtensibilityGlobals) = postSolution
		SolutionGuid = {FCD4A738-8632-4E38-8C9F-E4551FDE7B4D}
	EndGlobalSection
EndGlobal
